lockfileVersion: '6.0'

settings:
  autoInstallPeers: true
  excludeLinksFromLockfile: false

dependencies:
  '@antv/x6':
    specifier: ^2.18.1
    version: 2.18.1

packages:

  /@antv/x6-common@2.0.17:
    resolution: {integrity: sha512-37g7vmRkNdYzZPdwjaMSZEGv/MMH0S4r70/Jwoab1mioycmuIBN73iyziX8m56BvJSDucZ3J/6DU07otWqzS6A==}
    dependencies:
      lodash-es: 4.17.21
      utility-types: 3.11.0
    dev: false

  /@antv/x6-geometry@2.0.5:
    resolution: {integrity: sha512-MId6riEQkxphBpVeTcL4ZNXL4lScyvDEPLyIafvWMcWNTGK0jgkK7N20XSzqt8ltJb0mGUso5s56mrk8ysHu2A==}
    dev: false

  /@antv/x6@2.18.1:
    resolution: {integrity: sha512-FkWdbLOpN9J7dfJ+kiBxzowSx2N6syBily13NMVdMs+wqC6Eo5sLXWCZjQHateTFWgFw7ZGi2y9o3Pmdov1sXw==}
    dependencies:
      '@antv/x6-common': 2.0.17
      '@antv/x6-geometry': 2.0.5
      utility-types: 3.11.0
    dev: false

  /lodash-es@4.17.21:
    resolution: {integrity: sha512-mKnC+QJ9pWVzv+C4/U3rRsHapFfHvQFoFB92e52xeyGMcX6/OlIl78je1u8vePzYZSkkogMPJ2yjxxsb89cxyw==}
    dev: false

  /utility-types@3.11.0:
    resolution: {integrity: sha512-6Z7Ma2aVEWisaL6TvBCy7P8rm2LQoPv6dJ7ecIaIixHcwfbJ0x7mWdbcwlIM5IGQxPZSFYeqRCqlOOeKoJYMkw==}
    engines: {node: '>= 4'}
    dev: false
